// !$*UTF8*$!
{
	archiveVersion = 1;
	classes = {
	};
	objectVersion = 55;
	objects = {

/* Begin PBXBuildFile section */
		A7F2BF182715191A001F8884 /* AppDelegate.swift in Sources */ = {isa = PBXBuildFile; fileRef = A7F2BF172715191A001F8884 /* AppDelegate.swift */; };
		A7F2BF1A2715191A001F8884 /* SceneDelegate.swift in Sources */ = {isa = PBXBuildFile; fileRef = A7F2BF192715191A001F8884 /* SceneDelegate.swift */; };
		A7F2BF1C2715191A001F8884 /* ViewController.swift in Sources */ = {isa = PBXBuildFile; fileRef = A7F2BF1B2715191A001F8884 /* ViewController.swift */; };
		A7F2BF1F2715191A001F8884 /* Main.storyboard in Resources */ = {isa = PBXBuildFile; fileRef = A7F2BF1D2715191A001F8884 /* Main.storyboard */; };
		A7F2BF212715191E001F8884 /* Assets.xcassets in Resources */ = {isa = PBXBuildFile; fileRef = A7F2BF202715191E001F8884 /* Assets.xcassets */; };
		A7F2BF242715191E001F8884 /* LaunchScreen.storyboard in Resources */ = {isa = PBXBuildFile; fileRef = A7F2BF222715191E001F8884 /* LaunchScreen.storyboard */; };
		A7F2BF2C271519C4001F8884 /* GoogleService-Info.plist in Resources */ = {isa = PBXBuildFile; fileRef = A7F2BF2B271519C4001F8884 /* GoogleService-Info.plist */; };
		A7F2BF2E271523E7001F8884 /* Model.swift in Sources */ = {isa = PBXBuildFile; fileRef = A7F2BF2D271523E7001F8884 /* Model.swift */; };
		A7F2BF3027155F3B001F8884 /* PublishViewController.swift in Sources */ = {isa = PBXBuildFile; fileRef = A7F2BF2F27155F3B001F8884 /* PublishViewController.swift */; };
		A7F2BF3227156CBE001F8884 /* ItemTableViewCell.swift in Sources */ = {isa = PBXBuildFile; fileRef = A7F2BF3127156CBE001F8884 /* ItemTableViewCell.swift */; };
		F55617B41FFAD2975DC4BA5E /* Pods_Publisher.framework in Frameworks */ = {isa = PBXBuildFile; fileRef = F46686415724DB5DBB0AF2E5 /* Pods_Publisher.framework */; };
/* End PBXBuildFile section */

/* Begin PBXFileReference section */
		0AF6DE46BE18099332C5E6ED /* Pods-Publisher.debug.xcconfig */ = {isa = PBXFileReference; includeInIndex = 1; lastKnownFileType = text.xcconfig; name = "Pods-Publisher.debug.xcconfig"; path = "Target Support Files/Pods-Publisher/Pods-Publisher.debug.xcconfig"; sourceTree = "<group>"; };
		A7F2BF142715191A001F8884 /* Publisher.app */ = {isa = PBXFileReference; explicitFileType = wrapper.application; includeInIndex = 0; path = Publisher.app; sourceTree = BUILT_PRODUCTS_DIR; };
		A7F2BF172715191A001F8884 /* AppDelegate.swift */ = {isa = PBXFileReference; lastKnownFileType = sourcecode.swift; path = AppDelegate.swift; sourceTree = "<group>"; };
		A7F2BF192715191A001F8884 /* SceneDelegate.swift */ = {isa = PBXFileReference; lastKnownFileType = sourcecode.swift; path = SceneDelegate.swift; sourceTree = "<group>"; };
		A7F2BF1B2715191A001F8884 /* ViewController.swift */ = {isa = PBXFileReference; lastKnownFileType = sourcecode.swift; path = ViewController.swift; sourceTree = "<group>"; };
		A7F2BF1E2715191A001F8884 /* Base */ = {isa = PBXFileReference; lastKnownFileType = file.storyboard; name = Base; path = Base.lproj/Main.storyboard; sourceTree = "<group>"; };
		A7F2BF202715191E001F8884 /* Assets.xcassets */ = {isa = PBXFileReference; lastKnownFileType = folder.assetcatalog; path = Assets.xcassets; sourceTree = "<group>"; };
		A7F2BF232715191E001F8884 /* Base */ = {isa = PBXFileReference; lastKnownFileType = file.storyboard; name = Base; path = Base.lproj/LaunchScreen.storyboard; sourceTree = "<group>"; };
		A7F2BF252715191E001F8884 /* Info.plist */ = {isa = PBXFileReference; lastKnownFileType = text.plist.xml; path = Info.plist; sourceTree = "<group>"; };
		A7F2BF2B271519C4001F8884 /* GoogleService-Info.plist */ = {isa = PBXFileReference; fileEncoding = 4; lastKnownFileType = text.plist.xml; name = "GoogleService-Info.plist"; path = "../../GoogleService-Info.plist"; sourceTree = "<group>"; };
		A7F2BF2D271523E7001F8884 /* Model.swift */ = {isa = PBXFileReference; lastKnownFileType = sourcecode.swift; path = Model.swift; sourceTree = "<group>"; };
		A7F2BF2F27155F3B001F8884 /* PublishViewController.swift */ = {isa = PBXFileReference; lastKnownFileType = sourcecode.swift; path = PublishViewController.swift; sourceTree = "<group>"; };
		A7F2BF3127156CBE001F8884 /* ItemTableViewCell.swift */ = {isa = PBXFileReference; lastKnownFileType = sourcecode.swift; path = ItemTableViewCell.swift; sourceTree = "<group>"; };
		C9F6B8AA59D2FBCD0D26CFF5 /* Pods-Publisher.release.xcconfig */ = {isa = PBXFileReference; includeInIndex = 1; lastKnownFileType = text.xcconfig; name = "Pods-Publisher.release.xcconfig"; path = "Target Support Files/Pods-Publisher/Pods-Publisher.release.xcconfig"; sourceTree = "<group>"; };
		F46686415724DB5DBB0AF2E5 /* Pods_Publisher.framework */ = {isa = PBXFileReference; explicitFileType = wrapper.framework; includeInIndex = 0; path = Pods_Publisher.framework; sourceTree = BUILT_PRODUCTS_DIR; };
/* End PBXFileReference section */

/* Begin PBXFrameworksBuildPhase section */
		A7F2BF112715191A001F8884 /* Frameworks */ = {
			isa = PBXFrameworksBuildPhase;
			buildActionMask = 2147483647;
			files = (
				F55617B41FFAD2975DC4BA5E /* Pods_Publisher.framework in Frameworks */,
			);
			runOnlyForDeploymentPostprocessing = 0;
		};
/* End PBXFrameworksBuildPhase section */

/* Begin PBXGroup section */
		A7F2BF0B2715191A001F8884 = {
			isa = PBXGroup;
			children = (
				A7F2BF162715191A001F8884 /* Publisher */,
				A7F2BF152715191A001F8884 /* Products */,
				CA85F4331D5CE191D72985CA /* Pods */,
				B6003D6AE575F75F580D1EE7 /* Frameworks */,
			);
			sourceTree = "<group>";
		};
		A7F2BF152715191A001F8884 /* Products */ = {
			isa = PBXGroup;
			children = (
				A7F2BF142715191A001F8884 /* Publisher.app */,
			);
			name = Products;
			sourceTree = "<group>";
		};
		A7F2BF162715191A001F8884 /* Publisher */ = {
			isa = PBXGroup;
			children = (
				A7F2BF2B271519C4001F8884 /* GoogleService-Info.plist */,
				A7F2BF172715191A001F8884 /* AppDelegate.swift */,
				A7F2BF2D271523E7001F8884 /* Model.swift */,
				A7F2BF3127156CBE001F8884 /* ItemTableViewCell.swift */,
				A7F2BF192715191A001F8884 /* SceneDelegate.swift */,
				A7F2BF2F27155F3B001F8884 /* PublishViewController.swift */,
				A7F2BF1B2715191A001F8884 /* ViewController.swift */,
				A7F2BF1D2715191A001F8884 /* Main.storyboard */,
				A7F2BF202715191E001F8884 /* Assets.xcassets */,
				A7F2BF222715191E001F8884 /* LaunchScreen.storyboard */,
				A7F2BF252715191E001F8884 /* Info.plist */,
			);
			path = Publisher;
			sourceTree = "<group>";
		};
		B6003D6AE575F75F580D1EE7 /* Frameworks */ = {
			isa = PBXGroup;
			children = (
				F46686415724DB5DBB0AF2E5 /* Pods_Publisher.framework */,
			);
			name = Frameworks;
			sourceTree = "<group>";
		};
		CA85F4331D5CE191D72985CA /* Pods */ = {
			isa = PBXGroup;
			children = (
				0AF6DE46BE18099332C5E6ED /* Pods-Publisher.debug.xcconfig */,
				C9F6B8AA59D2FBCD0D26CFF5 /* Pods-Publisher.release.xcconfig */,
			);
			path = Pods;
			sourceTree = "<group>";
		};
/* End PBXGroup section */

/* Begin PBXNativeTarget section */
		A7F2BF132715191A001F8884 /* Publisher */ = {
			isa = PBXNativeTarget;
			buildConfigurationList = A7F2BF282715191E001F8884 /* Build configuration list for PBXNativeTarget "Publisher" */;
			buildPhases = (
				C5F82937F63E9C70A7491137 /* [CP] Check Pods Manifest.lock */,
				A7F2BF102715191A001F8884 /* Sources */,
				A7F2BF112715191A001F8884 /* Frameworks */,
				A7F2BF122715191A001F8884 /* Resources */,
				14E7995FFCC0188B04FEAB21 /* [CP] Embed Pods Frameworks */,
			);
			buildRules = (
			);
			dependencies = (
			);
			name = Publisher;
			productName = Publisher;
			productReference = A7F2BF142715191A001F8884 /* Publisher.app */;
			productType = "com.apple.product-type.application";
		};
/* End PBXNativeTarget section */

/* Begin PBXProject section */
		A7F2BF0C2715191A001F8884 /* Project object */ = {
			isa = PBXProject;
			attributes = {
				BuildIndependentTargetsInParallel = 1;
				LastSwiftUpdateCheck = 1300;
				LastUpgradeCheck = 1300;
				TargetAttributes = {
					A7F2BF132715191A001F8884 = {
						CreatedOnToolsVersion = 13.0;
					};
				};
			};
			buildConfigurationList = A7F2BF0F2715191A001F8884 /* Build configuration list for PBXProject "Publisher" */;
			compatibilityVersion = "Xcode 13.0";
			developmentRegion = en;
			hasScannedForEncodings = 0;
			knownRegions = (
				en,
				Base,
			);
			mainGroup = A7F2BF0B2715191A001F8884;
			productRefGroup = A7F2BF152715191A001F8884 /* Products */;
			projectDirPath = "";
			projectRoot = "";
			targets = (
				A7F2BF132715191A001F8884 /* Publisher */,
			);
		};
/* End PBXProject section */

/* Begin PBXResourcesBuildPhase section */
		A7F2BF122715191A001F8884 /* Resources */ = {
			isa = PBXResourcesBuildPhase;
			buildActionMask = 2147483647;
			files = (
				A7F2BF242715191E001F8884 /* LaunchScreen.storyboard in Resources */,
				A7F2BF2C271519C4001F8884 /* GoogleService-Info.plist in Resources */,
				A7F2BF212715191E001F8884 /* Assets.xcassets in Resources */,
				A7F2BF1F2715191A001F8884 /* Main.storyboard in Resources */,
			);
			runOnlyForDeploymentPostprocessing = 0;
		};
/* End PBXResourcesBuildPhase section */

/* Begin PBXShellScriptBuildPhase section */
		14E7995FFCC0188B04FEAB21 /* [CP] Embed Pods Frameworks */ = {
			isa = PBXShellScriptBuildPhase;
			buildActionMask = 2147483647;
			files = (
			);
			inputFileListPaths = (
				"${PODS_ROOT}/Target Support Files/Pods-Publisher/Pods-Publisher-frameworks-${CONFIGURATION}-input-files.xcfilelist",
			);
			name = "[CP] Embed Pods Frameworks";
			outputFileListPaths = (
				"${PODS_ROOT}/Target Support Files/Pods-Publisher/Pods-Publisher-frameworks-${CONFIGURATION}-output-files.xcfilelist",
			);
			runOnlyForDeploymentPostprocessing = 0;
			shellPath = /bin/sh;
			shellScript = "\"${PODS_ROOT}/Target Support Files/Pods-Publisher/Pods-Publisher-frameworks.sh\"\n";
			showEnvVarsInLog = 0;
		};
		C5F82937F63E9C70A7491137 /* [CP] Check Pods Manifest.lock */ = {
			isa = PBXShellScriptBuildPhase;
			buildActionMask = 2147483647;
			files = (
			);
			inputFileListPaths = (
			);
			inputPaths = (
				"${PODS_PODFILE_DIR_PATH}/Podfile.lock",
				"${PODS_ROOT}/Manifest.lock",
			);
			name = "[CP] Check Pods Manifest.lock";
			outputFileListPaths = (
			);
			outputPaths = (
				"$(DERIVED_FILE_DIR)/Pods-Publisher-checkManifestLockResult.txt",
			);
			runOnlyForDeploymentPostprocessing = 0;
			shellPath = /bin/sh;
			shellScript = "diff \"${PODS_PODFILE_DIR_PATH}/Podfile.lock\" \"${PODS_ROOT}/Manifest.lock\" > /dev/null\nif [ $? != 0 ] ; then\n    # print error to STDERR\n    echo \"error: The sandbox is not in sync with the Podfile.lock. Run 'pod install' or update your CocoaPods installation.\" >&2\n    exit 1\nfi\n# This output is used by Xcode 'outputs' to avoid re-running this script phase.\necho \"SUCCESS\" > \"${SCRIPT_OUTPUT_FILE_0}\"\n";
			showEnvVarsInLog = 0;
		};
/* End PBXShellScriptBuildPhase section */

/* Begin PBXSourcesBuildPhase section */
		A7F2BF102715191A001F8884 /* Sources */ = {
			isa = PBXSourcesBuildPhase;
			buildActionMask = 2147483647;
			files = (
				A7F2BF3027155F3B001F8884 /* PublishViewController.swift in Sources */,
				A7F2BF1C2715191A001F8884 /* ViewController.swift in Sources */,
				A7F2BF182715191A001F8884 /* AppDelegate.swift in Sources */,
				A7F2BF1A2715191A001F8884 /* SceneDelegate.swift in Sources */,
				A7F2BF3227156CBE001F8884 /* ItemTableViewCell.swift in Sources */,
				A7F2BF2E271523E7001F8884 /* Model.swift in Sources */,
			);
			runOnlyForDeploymentPostprocessing = 0;
		};
/* End PBXSourcesBuildPhase section */

/* Begin PBXVariantGroup section */
		A7F2BF1D2715191A001F8884 /* Main.storyboard */ = {
			isa = PBXVariantGroup;
			children = (
				A7F2BF1E2715191A001F8884 /* Base */,
			);
			name = Main.storyboard;
			sourceTree = "<group>";
		};
		A7F2BF222715191E001F8884 /* LaunchScreen.storyboard */ = {
			isa = PBXVariantGroup;
			children = (
				A7F2BF232715191E001F8884 /* Base */,
			);
			name = LaunchScreen.storyboard;
			sourceTree = "<group>";
		};
/* End PBXVariantGroup section */

/* Begin XCBuildConfiguration section */
		A7F2BF262715191E001F8884 /* Debug */ = {
			isa = XCBuildConfiguration;
			buildSettings = {
				ALWAYS_SEARCH_USER_PATHS = NO;
				CLANG_ANALYZER_NONNULL = YES;
				CLANG_ANALYZER_NUMBER_OBJECT_CONVERSION = YES_AGGRESSIVE;
				CLANG_CXX_LANGUAGE_STANDARD = "gnu++17";
				CLANG_CXX_LIBRARY = "libc++";
				CLANG_ENABLE_MODULES = YES;
				CLANG_ENABLE_OBJC_ARC = YES;
				CLANG_ENABLE_OBJC_WEAK = YES;
				CLANG_WARN_BLOCK_CAPTURE_AUTORELEASING = YES;
				CLANG_WARN_BOOL_CONVERSION = YES;
				CLANG_WARN_COMMA = YES;
				CLANG_WARN_CONSTANT_CONVERSION = YES;
				CLANG_WARN_DEPRECATED_OBJC_IMPLEMENTATIONS = YES;
				CLANG_WARN_DIRECT_OBJC_ISA_USAGE = YES_ERROR;
				CLANG_WARN_DOCUMENTATION_COMMENTS = YES;
				CLANG_WARN_EMPTY_BODY = YES;
				CLANG_WARN_ENUM_CONVERSION = YES;
				CLANG_WARN_INFINITE_RECURSION = YES;
				CLANG_WARN_INT_CONVERSION = YES;
				CLANG_WARN_NON_LITERAL_NULL_CONVERSION = YES;
				CLANG_WARN_OBJC_IMPLICIT_RETAIN_SELF = YES;
				CLANG_WARN_OBJC_LITERAL_CONVERSION = YES;
				CLANG_WARN_OBJC_ROOT_CLASS = YES_ERROR;
				CLANG_WARN_QUOTED_INCLUDE_IN_FRAMEWORK_HEADER = YES;
				CLANG_WARN_RANGE_LOOP_ANALYSIS = YES;
				CLANG_WARN_STRICT_PROTOTYPES = YES;
				CLANG_WARN_SUSPICIOUS_MOVE = YES;
				CLANG_WARN_UNGUARDED_AVAILABILITY = YES_AGGRESSIVE;
				CLANG_WARN_UNREACHABLE_CODE = YES;
				CLANG_WARN__DUPLICATE_METHOD_MATCH = YES;
				COPY_PHASE_STRIP = NO;
				DEBUG_INFORMATION_FORMAT = dwarf;
				ENABLE_STRICT_OBJC_MSGSEND = YES;
				ENABLE_TESTABILITY = YES;
				GCC_C_LANGUAGE_STANDARD = gnu11;
				GCC_DYNAMIC_NO_PIC = NO;
				GCC_NO_COMMON_BLOCKS = YES;
				GCC_OPTIMIZATION_LEVEL = 0;
				GCC_PREPROCESSOR_DEFINITIONS = (
					"DEBUG=1",
					"$(inherited)",
				);
				GCC_WARN_64_TO_32_BIT_CONVERSION = YES;
				GCC_WARN_ABOUT_RETURN_TYPE = YES_ERROR;
				GCC_WARN_UNDECLARED_SELECTOR = YES;
				GCC_WARN_UNINITIALIZED_AUTOS = YES_AGGRESSIVE;
				GCC_WARN_UNUSED_FUNCTION = YES;
				GCC_WARN_UNUSED_VARIABLE = YES;
				IPHONEOS_DEPLOYMENT_TARGET = 15.0;
				MTL_ENABLE_DEBUG_INFO = INCLUDE_SOURCE;
				MTL_FAST_MATH = YES;
				ONLY_ACTIVE_ARCH = YES;
				SDKROOT = iphoneos;
				SWIFT_ACTIVE_COMPILATION_CONDITIONS = DEBUG;
				SWIFT_OPTIMIZATION_LEVEL = "-Onone";
			};
			name = Debug;
		};
		A7F2BF272715191E001F8884 /* Release */ = {
			isa = XCBuildConfiguration;
			buildSettings = {
				ALWAYS_SEARCH_USER_PATHS = NO;
				CLANG_ANALYZER_NONNULL = YES;
				CLANG_ANALYZER_NUMBER_OBJECT_CONVERSION = YES_AGGRESSIVE;
				CLANG_CXX_LANGUAGE_STANDARD = "gnu++17";
				CLANG_CXX_LIBRARY = "libc++";
				CLANG_ENABLE_MODULES = YES;
				CLANG_ENABLE_OBJC_ARC = YES;
				CLANG_ENABLE_OBJC_WEAK = YES;
				CLANG_WARN_BLOCK_CAPTURE_AUTORELEASING = YES;
				CLANG_WARN_BOOL_CONVERSION = YES;
				CLANG_WARN_COMMA = YES;
				CLANG_WARN_CONSTANT_CONVERSION = YES;
				CLANG_WARN_DEPRECATED_OBJC_IMPLEMENTATIONS = YES;
				CLANG_WARN_DIRECT_OBJC_ISA_USAGE = YES_ERROR;
				CLANG_WARN_DOCUMENTATION_COMMENTS = YES;
				CLANG_WARN_EMPTY_BODY = YES;
				CLANG_WARN_ENUM_CONVERSION = YES;
				CLANG_WARN_INFINITE_RECURSION = YES;
				CLANG_WARN_INT_CONVERSION = YES;
				CLANG_WARN_NON_LITERAL_NULL_CONVERSION = YES;
				CLANG_WARN_OBJC_IMPLICIT_RETAIN_SELF = YES;
				CLANG_WARN_OBJC_LITERAL_CONVERSION = YES;
				CLANG_WARN_OBJC_ROOT_CLASS = YES_ERROR;
				CLANG_WARN_QUOTED_INCLUDE_IN_FRAMEWORK_HEADER = YES;
				CLANG_WARN_RANGE_LOOP_ANALYSIS = YES;
				CLANG_WARN_STRICT_PROTOTYPES = YES;
				CLANG_WARN_SUSPICIOUS_MOVE = YES;
				CLANG_WARN_UNGUARDED_AVAILABILITY = YES_AGGRESSIVE;
				CLANG_WARN_UNREACHABLE_CODE = YES;
				CLANG_WARN__DUPLICATE_METHOD_MATCH = YES;
				COPY_PHASE_STRIP = NO;
				DEBUG_INFORMATION_FORMAT = "dwarf-with-dsym";
				ENABLE_NS_ASSERTIONS = NO;
				ENABLE_STRICT_OBJC_MSGSEND = YES;
				GCC_C_LANGUAGE_STANDARD = gnu11;
				GCC_NO_COMMON_BLOCKS = YES;
				GCC_WARN_64_TO_32_BIT_CONVERSION = YES;
				GCC_WARN_ABOUT_RETURN_TYPE = YES_ERROR;
				GCC_WARN_UNDECLARED_SELECTOR = YES;
				GCC_WARN_UNINITIALIZED_AUTOS = YES_AGGRESSIVE;
				GCC_WARN_UNUSED_FUNCTION = YES;
				GCC_WARN_UNUSED_VARIABLE = YES;
				IPHONEOS_DEPLOYMENT_TARGET = 15.0;
				MTL_ENABLE_DEBUG_INFO = NO;
				MTL_FAST_MATH = YES;
				SDKROOT = iphoneos;
				SWIFT_COMPILATION_MODE = wholemodule;
				SWIFT_OPTIMIZATION_LEVEL = "-O";
				VALIDATE_PRODUCT = YES;
			};
			name = Release;
		};
		A7F2BF292715191E001F8884 /* Debug */ = {
			isa = XCBuildConfiguration;
			baseConfigurationReference = 0AF6DE46BE18099332C5E6ED /* Pods-Publisher.debug.xcconfig */;
			buildSettings = {
				ASSETCATALOG_COMPILER_APPICON_NAME = AppIcon;
				ASSETCATALOG_COMPILER_GLOBAL_ACCENT_COLOR_NAME = AccentColor;
				CODE_SIGN_STYLE = Automatic;
				CURRENT_PROJECT_VERSION = 1;
				GENERATE_INFOPLIST_FILE = YES;
				INFOPLIST_FILE = Publisher/Info.plist;
				INFOPLIST_KEY_UIApplicationSupportsIndirectInputEvents = YES;
				INFOPLIST_KEY_UILaunchStoryboardName = LaunchScreen;
				INFOPLIST_KEY_UIMainStoryboardFile = Main;
				INFOPLIST_KEY_UISupportedInterfaceOrientations_iPad = "UIInterfaceOrientationPortrait UIInterfaceOrientationPortraitUpsideDown UIInterfaceOrientationLandscapeLeft UIInterfaceOrientationLandscapeRight";
				INFOPLIST_KEY_UISupportedInterfaceOrientations_iPhone = "UIInterfaceOrientationPortrait UIInterfaceOrientationLandscapeLeft UIInterfaceOrientationLandscapeRight";
				LD_RUNPATH_SEARCH_PATHS = (
					"$(inherited)",
					"@executable_path/Frameworks",
				);
				MARKETING_VERSION = 1.0;
				PRODUCT_BUNDLE_IDENTIFIER = com.AmberL.Publisher;
				PRODUCT_NAME = "$(TARGET_NAME)";
				SWIFT_EMIT_LOC_STRINGS = YES;
				SWIFT_VERSION = 5.0;
				TARGETED_DEVICE_FAMILY = 1;
			};
			name = Debug;
		};
		A7F2BF2A2715191E001F8884 /* Release */ = {
			isa = XCBuildConfiguration;
			baseConfigurationReference = C9F6B8AA59D2FBCD0D26CFF5 /* Pods-Publisher.release.xcconfig */;
			buildSettings = {
				ASSETCATALOG_COMPILER_APPICON_NAME = AppIcon;
				ASSETCATALOG_COMPILER_GLOBAL_ACCENT_COLOR_NAME = AccentColor;
				CODE_SIGN_STYLE = Automatic;
				CURRENT_PROJECT_VERSION = 1;
				GENERATE_INFOPLIST_FILE = YES;
				INFOPLIST_FILE = Publisher/Info.plist;
				INFOPLIST_KEY_UIApplicationSupportsIndirectInputEvents = YES;
				INFOPLIST_KEY_UILaunchStoryboardName = LaunchScreen;
				INFOPLIST_KEY_UIMainStoryboardFile = Main;
				INFOPLIST_KEY_UISupportedInterfaceOrientations_iPad = "UIInterfaceOrientationPortrait UIInterfaceOrientationPortraitUpsideDown UIInterfaceOrientationLandscapeLeft UIInterfaceOrientationLandscapeRight";
				INFOPLIST_KEY_UISupportedInterfaceOrientations_iPhone = "UIInterfaceOrientationPortrait UIInterfaceOrientationLandscapeLeft UIInterfaceOrientationLandscapeRight";
				LD_RUNPATH_SEARCH_PATHS = (
					"$(inherited)",
					"@executable_path/Frameworks",
				);
				MARKETING_VERSION = 1.0;
				PRODUCT_BUNDLE_IDENTIFIER = com.AmberL.Publisher;
				PRODUCT_NAME = "$(TARGET_NAME)";
				SWIFT_EMIT_LOC_STRINGS = YES;
				SWIFT_VERSION = 5.0;
				TARGETED_DEVICE_FAMILY = 1;
			};
			name = Release;
		};
/* End XCBuildConfiguration section */

/* Begin XCConfigurationList section */
		A7F2BF0F2715191A001F8884 /* Build configuration list for PBXProject "Publisher" */ = {
			isa = XCConfigurationList;
			buildConfigurations = (
				A7F2BF262715191E001F8884 /* Debug */,
				A7F2BF272715191E001F8884 /* Release */,
			);
			defaultConfigurationIsVisible = 0;
			defaultConfigurationName = Release;
		};
		A7F2BF282715191E001F8884 /* Build configuration list for PBXNativeTarget "Publisher" */ = {
			isa = XCConfigurationList;
			buildConfigurations = (
				A7F2BF292715191E001F8884 /* Debug */,
				A7F2BF2A2715191E001F8884 /* Release */,
			);
			defaultConfigurationIsVisible = 0;
			defaultConfigurationName = Release;
		};
/* End XCConfigurationList section */
	};
	rootObject = A7F2BF0C2715191A001F8884 /* Project object */;
}
