// !$*UTF8*$!
{
	archiveVersion = 1;
	classes = {
	};
	objectVersion = 50;
	objects = {

/* Begin PBXBuildFile section */
		A735EA0326C4FCD0002C511E /* AppDelegate.swift in Sources */ = {isa = PBXBuildFile; fileRef = A735EA0226C4FCD0002C511E /* AppDelegate.swift */; };
		A735EA0526C4FCD0002C511E /* SceneDelegate.swift in Sources */ = {isa = PBXBuildFile; fileRef = A735EA0426C4FCD0002C511E /* SceneDelegate.swift */; };
		A735EA0726C4FCD0002C511E /* ViewController.swift in Sources */ = {isa = PBXBuildFile; fileRef = A735EA0626C4FCD0002C511E /* ViewController.swift */; };
		A735EA0A26C4FCD0002C511E /* Main.storyboard in Resources */ = {isa = PBXBuildFile; fileRef = A735EA0826C4FCD0002C511E /* Main.storyboard */; };
		A735EA0C26C4FCD1002C511E /* Assets.xcassets in Resources */ = {isa = PBXBuildFile; fileRef = A735EA0B26C4FCD1002C511E /* Assets.xcassets */; };
		A735EA0F26C4FCD1002C511E /* LaunchScreen.storyboard in Resources */ = {isa = PBXBuildFile; fileRef = A735EA0D26C4FCD1002C511E /* LaunchScreen.storyboard */; };
/* End PBXBuildFile section */

/* Begin PBXFileReference section */
		A735E9FF26C4FCD0002C511E /* SimpleLoginSignUpApp.app */ = {isa = PBXFileReference; explicitFileType = wrapper.application; includeInIndex = 0; path = SimpleLoginSignUpApp.app; sourceTree = BUILT_PRODUCTS_DIR; };
		A735EA0226C4FCD0002C511E /* AppDelegate.swift */ = {isa = PBXFileReference; lastKnownFileType = sourcecode.swift; path = AppDelegate.swift; sourceTree = "<group>"; };
		A735EA0426C4FCD0002C511E /* SceneDelegate.swift */ = {isa = PBXFileReference; lastKnownFileType = sourcecode.swift; path = SceneDelegate.swift; sourceTree = "<group>"; };
		A735EA0626C4FCD0002C511E /* ViewController.swift */ = {isa = PBXFileReference; lastKnownFileType = sourcecode.swift; path = ViewController.swift; sourceTree = "<group>"; };
		A735EA0926C4FCD0002C511E /* Base */ = {isa = PBXFileReference; lastKnownFileType = file.storyboard; name = Base; path = Base.lproj/Main.storyboard; sourceTree = "<group>"; };
		A735EA0B26C4FCD1002C511E /* Assets.xcassets */ = {isa = PBXFileReference; lastKnownFileType = folder.assetcatalog; path = Assets.xcassets; sourceTree = "<group>"; };
		A735EA0E26C4FCD1002C511E /* Base */ = {isa = PBXFileReference; lastKnownFileType = file.storyboard; name = Base; path = Base.lproj/LaunchScreen.storyboard; sourceTree = "<group>"; };
		A735EA1026C4FCD1002C511E /* Info.plist */ = {isa = PBXFileReference; lastKnownFileType = text.plist.xml; path = Info.plist; sourceTree = "<group>"; };
/* End PBXFileReference section */

/* Begin PBXFrameworksBuildPhase section */
		A735E9FC26C4FCD0002C511E /* Frameworks */ = {
			isa = PBXFrameworksBuildPhase;
			buildActionMask = 2147483647;
			files = (
			);
			runOnlyForDeploymentPostprocessing = 0;
		};
/* End PBXFrameworksBuildPhase section */

/* Begin PBXGroup section */
		A735E9F626C4FCD0002C511E = {
			isa = PBXGroup;
			children = (
				A735EA0126C4FCD0002C511E /* SimpleLoginSignUpApp */,
				A735EA0026C4FCD0002C511E /* Products */,
			);
			sourceTree = "<group>";
		};
		A735EA0026C4FCD0002C511E /* Products */ = {
			isa = PBXGroup;
			children = (
				A735E9FF26C4FCD0002C511E /* SimpleLoginSignUpApp.app */,
			);
			name = Products;
			sourceTree = "<group>";
		};
		A735EA0126C4FCD0002C511E /* SimpleLoginSignUpApp */ = {
			isa = PBXGroup;
			children = (
				A735EA0226C4FCD0002C511E /* AppDelegate.swift */,
				A735EA0426C4FCD0002C511E /* SceneDelegate.swift */,
				A735EA0626C4FCD0002C511E /* ViewController.swift */,
				A735EA0826C4FCD0002C511E /* Main.storyboard */,
				A735EA0B26C4FCD1002C511E /* Assets.xcassets */,
				A735EA0D26C4FCD1002C511E /* LaunchScreen.storyboard */,
				A735EA1026C4FCD1002C511E /* Info.plist */,
			);
			path = SimpleLoginSignUpApp;
			sourceTree = "<group>";
		};
/* End PBXGroup section */

/* Begin PBXNativeTarget section */
		A735E9FE26C4FCD0002C511E /* SimpleLoginSignUpApp */ = {
			isa = PBXNativeTarget;
			buildConfigurationList = A735EA1326C4FCD1002C511E /* Build configuration list for PBXNativeTarget "SimpleLoginSignUpApp" */;
			buildPhases = (
				A735E9FB26C4FCD0002C511E /* Sources */,
				A735E9FC26C4FCD0002C511E /* Frameworks */,
				A735E9FD26C4FCD0002C511E /* Resources */,
			);
			buildRules = (
			);
			dependencies = (
			);
			name = SimpleLoginSignUpApp;
			productName = SimpleLoginSignUpApp;
			productReference = A735E9FF26C4FCD0002C511E /* SimpleLoginSignUpApp.app */;
			productType = "com.apple.product-type.application";
		};
/* End PBXNativeTarget section */

/* Begin PBXProject section */
		A735E9F726C4FCD0002C511E /* Project object */ = {
			isa = PBXProject;
			attributes = {
				LastSwiftUpdateCheck = 1250;
				LastUpgradeCheck = 1250;
				TargetAttributes = {
					A735E9FE26C4FCD0002C511E = {
						CreatedOnToolsVersion = 12.5.1;
					};
				};
			};
			buildConfigurationList = A735E9FA26C4FCD0002C511E /* Build configuration list for PBXProject "SimpleLoginSignUpApp" */;
			compatibilityVersion = "Xcode 9.3";
			developmentRegion = en;
			hasScannedForEncodings = 0;
			knownRegions = (
				en,
				Base,
			);
			mainGroup = A735E9F626C4FCD0002C511E;
			productRefGroup = A735EA0026C4FCD0002C511E /* Products */;
			projectDirPath = "";
			projectRoot = "";
			targets = (
				A735E9FE26C4FCD0002C511E /* SimpleLoginSignUpApp */,
			);
		};
/* End PBXProject section */

/* Begin PBXResourcesBuildPhase section */
		A735E9FD26C4FCD0002C511E /* Resources */ = {
			isa = PBXResourcesBuildPhase;
			buildActionMask = 2147483647;
			files = (
				A735EA0F26C4FCD1002C511E /* LaunchScreen.storyboard in Resources */,
				A735EA0C26C4FCD1002C511E /* Assets.xcassets in Resources */,
				A735EA0A26C4FCD0002C511E /* Main.storyboard in Resources */,
			);
			runOnlyForDeploymentPostprocessing = 0;
		};
/* End PBXResourcesBuildPhase section */

/* Begin PBXSourcesBuildPhase section */
		A735E9FB26C4FCD0002C511E /* Sources */ = {
			isa = PBXSourcesBuildPhase;
			buildActionMask = 2147483647;
			files = (
				A735EA0726C4FCD0002C511E /* ViewController.swift in Sources */,
				A735EA0326C4FCD0002C511E /* AppDelegate.swift in Sources */,
				A735EA0526C4FCD0002C511E /* SceneDelegate.swift in Sources */,
			);
			runOnlyForDeploymentPostprocessing = 0;
		};
/* End PBXSourcesBuildPhase section */

/* Begin PBXVariantGroup section */
		A735EA0826C4FCD0002C511E /* Main.storyboard */ = {
			isa = PBXVariantGroup;
			children = (
				A735EA0926C4FCD0002C511E /* Base */,
			);
			name = Main.storyboard;
			sourceTree = "<group>";
		};
		A735EA0D26C4FCD1002C511E /* LaunchScreen.storyboard */ = {
			isa = PBXVariantGroup;
			children = (
				A735EA0E26C4FCD1002C511E /* Base */,
			);
			name = LaunchScreen.storyboard;
			sourceTree = "<group>";
		};
/* End PBXVariantGroup section */

/* Begin XCBuildConfiguration section */
		A735EA1126C4FCD1002C511E /* Debug */ = {
			isa = XCBuildConfiguration;
			buildSettings = {
				ALWAYS_SEARCH_USER_PATHS = NO;
				CLANG_ANALYZER_NONNULL = YES;
				CLANG_ANALYZER_NUMBER_OBJECT_CONVERSION = YES_AGGRESSIVE;
				CLANG_CXX_LANGUAGE_STANDARD = "gnu++14";
				CLANG_CXX_LIBRARY = "libc++";
				CLANG_ENABLE_MODULES = YES;
				CLANG_ENABLE_OBJC_ARC = YES;
				CLANG_ENABLE_OBJC_WEAK = YES;
				CLANG_WARN_BLOCK_CAPTURE_AUTORELEASING = YES;
				CLANG_WARN_BOOL_CONVERSION = YES;
				CLANG_WARN_COMMA = YES;
				CLANG_WARN_CONSTANT_CONVERSION = YES;
				CLANG_WARN_DEPRECATED_OBJC_IMPLEMENTATIONS = YES;
				CLANG_WARN_DIRECT_OBJC_ISA_USAGE = YES_ERROR;
				CLANG_WARN_DOCUMENTATION_COMMENTS = YES;
				CLANG_WARN_EMPTY_BODY = YES;
				CLANG_WARN_ENUM_CONVERSION = YES;
				CLANG_WARN_INFINITE_RECURSION = YES;
				CLANG_WARN_INT_CONVERSION = YES;
				CLANG_WARN_NON_LITERAL_NULL_CONVERSION = YES;
				CLANG_WARN_OBJC_IMPLICIT_RETAIN_SELF = YES;
				CLANG_WARN_OBJC_LITERAL_CONVERSION = YES;
				CLANG_WARN_OBJC_ROOT_CLASS = YES_ERROR;
				CLANG_WARN_QUOTED_INCLUDE_IN_FRAMEWORK_HEADER = YES;
				CLANG_WARN_RANGE_LOOP_ANALYSIS = YES;
				CLANG_WARN_STRICT_PROTOTYPES = YES;
				CLANG_WARN_SUSPICIOUS_MOVE = YES;
				CLANG_WARN_UNGUARDED_AVAILABILITY = YES_AGGRESSIVE;
				CLANG_WARN_UNREACHABLE_CODE = YES;
				CLANG_WARN__DUPLICATE_METHOD_MATCH = YES;
				COPY_PHASE_STRIP = NO;
				DEBUG_INFORMATION_FORMAT = dwarf;
				ENABLE_STRICT_OBJC_MSGSEND = YES;
				ENABLE_TESTABILITY = YES;
				GCC_C_LANGUAGE_STANDARD = gnu11;
				GCC_DYNAMIC_NO_PIC = NO;
				GCC_NO_COMMON_BLOCKS = YES;
				GCC_OPTIMIZATION_LEVEL = 0;
				GCC_PREPROCESSOR_DEFINITIONS = (
					"DEBUG=1",
					"$(inherited)",
				);
				GCC_WARN_64_TO_32_BIT_CONVERSION = YES;
				GCC_WARN_ABOUT_RETURN_TYPE = YES_ERROR;
				GCC_WARN_UNDECLARED_SELECTOR = YES;
				GCC_WARN_UNINITIALIZED_AUTOS = YES_AGGRESSIVE;
				GCC_WARN_UNUSED_FUNCTION = YES;
				GCC_WARN_UNUSED_VARIABLE = YES;
				IPHONEOS_DEPLOYMENT_TARGET = 14.5;
				MTL_ENABLE_DEBUG_INFO = INCLUDE_SOURCE;
				MTL_FAST_MATH = YES;
				ONLY_ACTIVE_ARCH = YES;
				SDKROOT = iphoneos;
				SWIFT_ACTIVE_COMPILATION_CONDITIONS = DEBUG;
				SWIFT_OPTIMIZATION_LEVEL = "-Onone";
			};
			name = Debug;
		};
		A735EA1226C4FCD1002C511E /* Release */ = {
			isa = XCBuildConfiguration;
			buildSettings = {
				ALWAYS_SEARCH_USER_PATHS = NO;
				CLANG_ANALYZER_NONNULL = YES;
				CLANG_ANALYZER_NUMBER_OBJECT_CONVERSION = YES_AGGRESSIVE;
				CLANG_CXX_LANGUAGE_STANDARD = "gnu++14";
				CLANG_CXX_LIBRARY = "libc++";
				CLANG_ENABLE_MODULES = YES;
				CLANG_ENABLE_OBJC_ARC = YES;
				CLANG_ENABLE_OBJC_WEAK = YES;
				CLANG_WARN_BLOCK_CAPTURE_AUTORELEASING = YES;
				CLANG_WARN_BOOL_CONVERSION = YES;
				CLANG_WARN_COMMA = YES;
				CLANG_WARN_CONSTANT_CONVERSION = YES;
				CLANG_WARN_DEPRECATED_OBJC_IMPLEMENTATIONS = YES;
				CLANG_WARN_DIRECT_OBJC_ISA_USAGE = YES_ERROR;
				CLANG_WARN_DOCUMENTATION_COMMENTS = YES;
				CLANG_WARN_EMPTY_BODY = YES;
				CLANG_WARN_ENUM_CONVERSION = YES;
				CLANG_WARN_INFINITE_RECURSION = YES;
				CLANG_WARN_INT_CONVERSION = YES;
				CLANG_WARN_NON_LITERAL_NULL_CONVERSION = YES;
				CLANG_WARN_OBJC_IMPLICIT_RETAIN_SELF = YES;
				CLANG_WARN_OBJC_LITERAL_CONVERSION = YES;
				CLANG_WARN_OBJC_ROOT_CLASS = YES_ERROR;
				CLANG_WARN_QUOTED_INCLUDE_IN_FRAMEWORK_HEADER = YES;
				CLANG_WARN_RANGE_LOOP_ANALYSIS = YES;
				CLANG_WARN_STRICT_PROTOTYPES = YES;
				CLANG_WARN_SUSPICIOUS_MOVE = YES;
				CLANG_WARN_UNGUARDED_AVAILABILITY = YES_AGGRESSIVE;
				CLANG_WARN_UNREACHABLE_CODE = YES;
				CLANG_WARN__DUPLICATE_METHOD_MATCH = YES;
				COPY_PHASE_STRIP = NO;
				DEBUG_INFORMATION_FORMAT = "dwarf-with-dsym";
				ENABLE_NS_ASSERTIONS = NO;
				ENABLE_STRICT_OBJC_MSGSEND = YES;
				GCC_C_LANGUAGE_STANDARD = gnu11;
				GCC_NO_COMMON_BLOCKS = YES;
				GCC_WARN_64_TO_32_BIT_CONVERSION = YES;
				GCC_WARN_ABOUT_RETURN_TYPE = YES_ERROR;
				GCC_WARN_UNDECLARED_SELECTOR = YES;
				GCC_WARN_UNINITIALIZED_AUTOS = YES_AGGRESSIVE;
				GCC_WARN_UNUSED_FUNCTION = YES;
				GCC_WARN_UNUSED_VARIABLE = YES;
				IPHONEOS_DEPLOYMENT_TARGET = 14.5;
				MTL_ENABLE_DEBUG_INFO = NO;
				MTL_FAST_MATH = YES;
				SDKROOT = iphoneos;
				SWIFT_COMPILATION_MODE = wholemodule;
				SWIFT_OPTIMIZATION_LEVEL = "-O";
				VALIDATE_PRODUCT = YES;
			};
			name = Release;
		};
		A735EA1426C4FCD1002C511E /* Debug */ = {
			isa = XCBuildConfiguration;
			buildSettings = {
				ASSETCATALOG_COMPILER_APPICON_NAME = AppIcon;
				ASSETCATALOG_COMPILER_GLOBAL_ACCENT_COLOR_NAME = AccentColor;
				CODE_SIGN_STYLE = Automatic;
				INFOPLIST_FILE = SimpleLoginSignUpApp/Info.plist;
				LD_RUNPATH_SEARCH_PATHS = (
					"$(inherited)",
					"@executable_path/Frameworks",
				);
				PRODUCT_BUNDLE_IDENTIFIER = com.AmberL.SimpleLoginSignUpApp;
				PRODUCT_NAME = "$(TARGET_NAME)";
				SWIFT_VERSION = 5.0;
				TARGETED_DEVICE_FAMILY = "1,2";
			};
			name = Debug;
		};
		A735EA1526C4FCD1002C511E /* Release */ = {
			isa = XCBuildConfiguration;
			buildSettings = {
				ASSETCATALOG_COMPILER_APPICON_NAME = AppIcon;
				ASSETCATALOG_COMPILER_GLOBAL_ACCENT_COLOR_NAME = AccentColor;
				CODE_SIGN_STYLE = Automatic;
				INFOPLIST_FILE = SimpleLoginSignUpApp/Info.plist;
				LD_RUNPATH_SEARCH_PATHS = (
					"$(inherited)",
					"@executable_path/Frameworks",
				);
				PRODUCT_BUNDLE_IDENTIFIER = com.AmberL.SimpleLoginSignUpApp;
				PRODUCT_NAME = "$(TARGET_NAME)";
				SWIFT_VERSION = 5.0;
				TARGETED_DEVICE_FAMILY = "1,2";
			};
			name = Release;
		};
/* End XCBuildConfiguration section */

/* Begin XCConfigurationList section */
		A735E9FA26C4FCD0002C511E /* Build configuration list for PBXProject "SimpleLoginSignUpApp" */ = {
			isa = XCConfigurationList;
			buildConfigurations = (
				A735EA1126C4FCD1002C511E /* Debug */,
				A735EA1226C4FCD1002C511E /* Release */,
			);
			defaultConfigurationIsVisible = 0;
			defaultConfigurationName = Release;
		};
		A735EA1326C4FCD1002C511E /* Build configuration list for PBXNativeTarget "SimpleLoginSignUpApp" */ = {
			isa = XCConfigurationList;
			buildConfigurations = (
				A735EA1426C4FCD1002C511E /* Debug */,
				A735EA1526C4FCD1002C511E /* Release */,
			);
			defaultConfigurationIsVisible = 0;
			defaultConfigurationName = Release;
		};
/* End XCConfigurationList section */
	};
	rootObject = A735E9F726C4FCD0002C511E /* Project object */;
}
